// !$*UTF8*$!
{
	archiveVersion = 1;
	classes = {
	};
	objectVersion = 56;
	objects = {

/* Begin PBXBuildFile section */
		787513A72B33E8A100343662 /* AppDelegate.swift in Sources */ = {isa = PBXBuildFile; fileRef = 787513A62B33E8A100343662 /* AppDelegate.swift */; };
		787513A92B33E8A100343662 /* SceneDelegate.swift in Sources */ = {isa = PBXBuildFile; fileRef = 787513A82B33E8A100343662 /* SceneDelegate.swift */; };
		787513B02B33E8A200343662 /* Assets.xcassets in Resources */ = {isa = PBXBuildFile; fileRef = 787513AF2B33E8A200343662 /* Assets.xcassets */; };
		787513B32B33E8A200343662 /* LaunchScreen.storyboard in Resources */ = {isa = PBXBuildFile; fileRef = 787513B12B33E8A200343662 /* LaunchScreen.storyboard */; };
		787513BB2B33E8B800343662 /* WebViewController.swift in Sources */ = {isa = PBXBuildFile; fileRef = 787513BA2B33E8B800343662 /* WebViewController.swift */; };
		787513BE2B33E94B00343662 /* SnapKit in Frameworks */ = {isa = PBXBuildFile; productRef = 787513BD2B33E94B00343662 /* SnapKit */; };
		787513C12B33E98100343662 /* Moya in Frameworks */ = {isa = PBXBuildFile; productRef = 787513C02B33E98100343662 /* Moya */; };
		787513C32B33E98100343662 /* RxMoya in Frameworks */ = {isa = PBXBuildFile; productRef = 787513C22B33E98100343662 /* RxMoya */; };
		787513CB2B33EAE200343662 /* MissionHomeViewController.swift in Sources */ = {isa = PBXBuildFile; fileRef = 787513CA2B33EAE200343662 /* MissionHomeViewController.swift */; };
		788070A22B33FD66005C2011 /* MissionDetailViewController.swift in Sources */ = {isa = PBXBuildFile; fileRef = 788070A12B33FD66005C2011 /* MissionDetailViewController.swift */; };
		788070A42B33FF7C005C2011 /* UIColor+.swift in Sources */ = {isa = PBXBuildFile; fileRef = 788070A32B33FF7C005C2011 /* UIColor+.swift */; };
		788070A62B3402B2005C2011 /* NavigationController.swift in Sources */ = {isa = PBXBuildFile; fileRef = 788070A52B3402B2005C2011 /* NavigationController.swift */; };
		788070A82B340DBC005C2011 /* UIViewController+.swift in Sources */ = {isa = PBXBuildFile; fileRef = 788070A72B340DBC005C2011 /* UIViewController+.swift */; };
		788070AA2B340E32005C2011 /* Constant.swift in Sources */ = {isa = PBXBuildFile; fileRef = 788070A92B340E32005C2011 /* Constant.swift */; };
		788070AD2B3418CB005C2011 /* RxCocoa in Frameworks */ = {isa = PBXBuildFile; productRef = 788070AC2B3418CB005C2011 /* RxCocoa */; };
		788070AF2B34216F005C2011 /* TabButton.swift in Sources */ = {isa = PBXBuildFile; fileRef = 788070AE2B34216F005C2011 /* TabButton.swift */; };
		788070B12B3424A0005C2011 /* UIViewController+Rx.swift in Sources */ = {isa = PBXBuildFile; fileRef = 788070B02B3424A0005C2011 /* UIViewController+Rx.swift */; };
		788070B42B351548005C2011 /* MissionCell.swift in Sources */ = {isa = PBXBuildFile; fileRef = 788070B32B351548005C2011 /* MissionCell.swift */; };
		788070B62B351568005C2011 /* MissionHomeViewModel.swift in Sources */ = {isa = PBXBuildFile; fileRef = 788070B52B351568005C2011 /* MissionHomeViewModel.swift */; };
		788070B92B351A98005C2011 /* RxGesture in Frameworks */ = {isa = PBXBuildFile; productRef = 788070B82B351A98005C2011 /* RxGesture */; };
		788070BC2B352115005C2011 /* MissionAddViewController.swift in Sources */ = {isa = PBXBuildFile; fileRef = 788070BB2B352115005C2011 /* MissionAddViewController.swift */; };
		788070BE2B3537F3005C2011 /* MissionListView.swift in Sources */ = {isa = PBXBuildFile; fileRef = 788070BD2B3537F3005C2011 /* MissionListView.swift */; };
		788070C02B353C81005C2011 /* CommonButtonView.swift in Sources */ = {isa = PBXBuildFile; fileRef = 788070BF2B353C81005C2011 /* CommonButtonView.swift */; };
		788070C32B3541B5005C2011 /* RxKeyboard in Frameworks */ = {isa = PBXBuildFile; productRef = 788070C22B3541B5005C2011 /* RxKeyboard */; };
		788070C52B354512005C2011 /* RecentMissionViewController.swift in Sources */ = {isa = PBXBuildFile; fileRef = 788070C42B354512005C2011 /* RecentMissionViewController.swift */; };
		788070C82B3545AC005C2011 /* BaseViewController.swift in Sources */ = {isa = PBXBuildFile; fileRef = 788070C72B3545AC005C2011 /* BaseViewController.swift */; };
		788070CA2B3559B4005C2011 /* UserDefaultManager.swift in Sources */ = {isa = PBXBuildFile; fileRef = 788070C92B3559B4005C2011 /* UserDefaultManager.swift */; };
		788070CC2B3561DB005C2011 /* CALayer+.swift in Sources */ = {isa = PBXBuildFile; fileRef = 788070CB2B3561DB005C2011 /* CALayer+.swift */; };
		788070CE2B35629C005C2011 /* StatusView.swift in Sources */ = {isa = PBXBuildFile; fileRef = 788070CD2B35629C005C2011 /* StatusView.swift */; };
		788070D12B356A68005C2011 /* MissioListDTO.swift in Sources */ = {isa = PBXBuildFile; fileRef = 788070D02B356A68005C2011 /* MissioListDTO.swift */; };
		788070DA2B356B64005C2011 /* CatSDKEncoding.swift in Sources */ = {isa = PBXBuildFile; fileRef = 788070D42B356B64005C2011 /* CatSDKEncoding.swift */; };
		788070DB2B356B64005C2011 /* ServiceAPI.swift in Sources */ = {isa = PBXBuildFile; fileRef = 788070D52B356B64005C2011 /* ServiceAPI.swift */; };
		788070DD2B356B64005C2011 /* NetworkService+Rx.swift in Sources */ = {isa = PBXBuildFile; fileRef = 788070D72B356B64005C2011 /* NetworkService+Rx.swift */; };
		788070DE2B356B64005C2011 /* NetworkError.swift in Sources */ = {isa = PBXBuildFile; fileRef = 788070D82B356B64005C2011 /* NetworkError.swift */; };
		788070DF2B356B64005C2011 /* CatSDKNetworkable.swift in Sources */ = {isa = PBXBuildFile; fileRef = 788070D92B356B64005C2011 /* CatSDKNetworkable.swift */; };
		788070E12B356DDD005C2011 /* DTOConverter.swift in Sources */ = {isa = PBXBuildFile; fileRef = 788070E02B356DDD005C2011 /* DTOConverter.swift */; };
		788070E92B357146005C2011 /* AddMission.swift in Sources */ = {isa = PBXBuildFile; fileRef = 788070E82B357146005C2011 /* AddMission.swift */; };
		788070EB2B357155005C2011 /* GetMissionDetail.swift in Sources */ = {isa = PBXBuildFile; fileRef = 788070EA2B357155005C2011 /* GetMissionDetail.swift */; };
		788070ED2B35715C005C2011 /* ApproveMission.swift in Sources */ = {isa = PBXBuildFile; fileRef = 788070EC2B35715C005C2011 /* ApproveMission.swift */; };
		788070EF2B357165005C2011 /* RefuseMission.swift in Sources */ = {isa = PBXBuildFile; fileRef = 788070EE2B357165005C2011 /* RefuseMission.swift */; };
		788070F12B35716B005C2011 /* GetMissionList.swift in Sources */ = {isa = PBXBuildFile; fileRef = 788070F02B35716B005C2011 /* GetMissionList.swift */; };
		788070F32B357189005C2011 /* ReqeustMission.swift in Sources */ = {isa = PBXBuildFile; fileRef = 788070F22B357189005C2011 /* ReqeustMission.swift */; };
		788070F52B357244005C2011 /* NetworkService.swift in Sources */ = {isa = PBXBuildFile; fileRef = 788070F42B357244005C2011 /* NetworkService.swift */; };
		788070F72B35783F005C2011 /* NetworkMission.swift in Sources */ = {isa = PBXBuildFile; fileRef = 788070F62B35783F005C2011 /* NetworkMission.swift */; };
		788070FC2B37279B005C2011 /* OneButtonAlertViewController.swift in Sources */ = {isa = PBXBuildFile; fileRef = 788070FB2B37279B005C2011 /* OneButtonAlertViewController.swift */; };
		788070FE2B372889005C2011 /* MissionDetailViewModel.swift in Sources */ = {isa = PBXBuildFile; fileRef = 788070FD2B372889005C2011 /* MissionDetailViewModel.swift */; };
/* End PBXBuildFile section */

/* Begin PBXFileReference section */
		787513A32B33E8A100343662 /* PocketMoney.app */ = {isa = PBXFileReference; explicitFileType = wrapper.application; includeInIndex = 0; path = PocketMoney.app; sourceTree = BUILT_PRODUCTS_DIR; };
		787513A62B33E8A100343662 /* AppDelegate.swift */ = {isa = PBXFileReference; lastKnownFileType = sourcecode.swift; path = AppDelegate.swift; sourceTree = "<group>"; };
		787513A82B33E8A100343662 /* SceneDelegate.swift */ = {isa = PBXFileReference; lastKnownFileType = sourcecode.swift; path = SceneDelegate.swift; sourceTree = "<group>"; };
		787513AF2B33E8A200343662 /* Assets.xcassets */ = {isa = PBXFileReference; lastKnownFileType = folder.assetcatalog; path = Assets.xcassets; sourceTree = "<group>"; };
		787513B22B33E8A200343662 /* Base */ = {isa = PBXFileReference; lastKnownFileType = file.storyboard; name = Base; path = Base.lproj/LaunchScreen.storyboard; sourceTree = "<group>"; };
		787513B42B33E8A200343662 /* Info.plist */ = {isa = PBXFileReference; lastKnownFileType = text.plist.xml; path = Info.plist; sourceTree = "<group>"; };
		787513BA2B33E8B800343662 /* WebViewController.swift */ = {isa = PBXFileReference; lastKnownFileType = sourcecode.swift; path = WebViewController.swift; sourceTree = "<group>"; };
		787513CA2B33EAE200343662 /* MissionHomeViewController.swift */ = {isa = PBXFileReference; lastKnownFileType = sourcecode.swift; path = MissionHomeViewController.swift; sourceTree = "<group>"; };
		788070A12B33FD66005C2011 /* MissionDetailViewController.swift */ = {isa = PBXFileReference; lastKnownFileType = sourcecode.swift; path = MissionDetailViewController.swift; sourceTree = "<group>"; };
		788070A32B33FF7C005C2011 /* UIColor+.swift */ = {isa = PBXFileReference; lastKnownFileType = sourcecode.swift; path = "UIColor+.swift"; sourceTree = "<group>"; };
		788070A52B3402B2005C2011 /* NavigationController.swift */ = {isa = PBXFileReference; lastKnownFileType = sourcecode.swift; path = NavigationController.swift; sourceTree = "<group>"; };
		788070A72B340DBC005C2011 /* UIViewController+.swift */ = {isa = PBXFileReference; lastKnownFileType = sourcecode.swift; path = "UIViewController+.swift"; sourceTree = "<group>"; };
		788070A92B340E32005C2011 /* Constant.swift */ = {isa = PBXFileReference; lastKnownFileType = sourcecode.swift; path = Constant.swift; sourceTree = "<group>"; };
		788070AE2B34216F005C2011 /* TabButton.swift */ = {isa = PBXFileReference; lastKnownFileType = sourcecode.swift; path = TabButton.swift; sourceTree = "<group>"; };
		788070B02B3424A0005C2011 /* UIViewController+Rx.swift */ = {isa = PBXFileReference; lastKnownFileType = sourcecode.swift; path = "UIViewController+Rx.swift"; sourceTree = "<group>"; };
		788070B32B351548005C2011 /* MissionCell.swift */ = {isa = PBXFileReference; lastKnownFileType = sourcecode.swift; path = MissionCell.swift; sourceTree = "<group>"; };
		788070B52B351568005C2011 /* MissionHomeViewModel.swift */ = {isa = PBXFileReference; lastKnownFileType = sourcecode.swift; path = MissionHomeViewModel.swift; sourceTree = "<group>"; };
		788070BB2B352115005C2011 /* MissionAddViewController.swift */ = {isa = PBXFileReference; lastKnownFileType = sourcecode.swift; path = MissionAddViewController.swift; sourceTree = "<group>"; };
		788070BD2B3537F3005C2011 /* MissionListView.swift */ = {isa = PBXFileReference; lastKnownFileType = sourcecode.swift; path = MissionListView.swift; sourceTree = "<group>"; };
		788070BF2B353C81005C2011 /* CommonButtonView.swift */ = {isa = PBXFileReference; lastKnownFileType = sourcecode.swift; path = CommonButtonView.swift; sourceTree = "<group>"; };
		788070C42B354512005C2011 /* RecentMissionViewController.swift */ = {isa = PBXFileReference; lastKnownFileType = sourcecode.swift; path = RecentMissionViewController.swift; sourceTree = "<group>"; };
		788070C72B3545AC005C2011 /* BaseViewController.swift */ = {isa = PBXFileReference; lastKnownFileType = sourcecode.swift; path = BaseViewController.swift; sourceTree = "<group>"; };
		788070C92B3559B4005C2011 /* UserDefaultManager.swift */ = {isa = PBXFileReference; lastKnownFileType = sourcecode.swift; path = UserDefaultManager.swift; sourceTree = "<group>"; };
		788070CB2B3561DB005C2011 /* CALayer+.swift */ = {isa = PBXFileReference; lastKnownFileType = sourcecode.swift; path = "CALayer+.swift"; sourceTree = "<group>"; };
		788070CD2B35629C005C2011 /* StatusView.swift */ = {isa = PBXFileReference; lastKnownFileType = sourcecode.swift; path = StatusView.swift; sourceTree = "<group>"; };
		788070D02B356A68005C2011 /* MissioListDTO.swift */ = {isa = PBXFileReference; lastKnownFileType = sourcecode.swift; path = MissioListDTO.swift; sourceTree = "<group>"; };
		788070D42B356B64005C2011 /* CatSDKEncoding.swift */ = {isa = PBXFileReference; fileEncoding = 4; lastKnownFileType = sourcecode.swift; path = CatSDKEncoding.swift; sourceTree = "<group>"; };
		788070D52B356B64005C2011 /* ServiceAPI.swift */ = {isa = PBXFileReference; fileEncoding = 4; lastKnownFileType = sourcecode.swift; path = ServiceAPI.swift; sourceTree = "<group>"; };
		788070D72B356B64005C2011 /* NetworkService+Rx.swift */ = {isa = PBXFileReference; fileEncoding = 4; lastKnownFileType = sourcecode.swift; path = "NetworkService+Rx.swift"; sourceTree = "<group>"; };
		788070D82B356B64005C2011 /* NetworkError.swift */ = {isa = PBXFileReference; fileEncoding = 4; lastKnownFileType = sourcecode.swift; path = NetworkError.swift; sourceTree = "<group>"; };
		788070D92B356B64005C2011 /* CatSDKNetworkable.swift */ = {isa = PBXFileReference; fileEncoding = 4; lastKnownFileType = sourcecode.swift; path = CatSDKNetworkable.swift; sourceTree = "<group>"; };
		788070E02B356DDD005C2011 /* DTOConverter.swift */ = {isa = PBXFileReference; lastKnownFileType = sourcecode.swift; path = DTOConverter.swift; sourceTree = "<group>"; };
		788070E82B357146005C2011 /* AddMission.swift */ = {isa = PBXFileReference; lastKnownFileType = sourcecode.swift; path = AddMission.swift; sourceTree = "<group>"; };
		788070EA2B357155005C2011 /* GetMissionDetail.swift */ = {isa = PBXFileReference; lastKnownFileType = sourcecode.swift; path = GetMissionDetail.swift; sourceTree = "<group>"; };
		788070EC2B35715C005C2011 /* ApproveMission.swift */ = {isa = PBXFileReference; lastKnownFileType = sourcecode.swift; path = ApproveMission.swift; sourceTree = "<group>"; };
		788070EE2B357165005C2011 /* RefuseMission.swift */ = {isa = PBXFileReference; lastKnownFileType = sourcecode.swift; path = RefuseMission.swift; sourceTree = "<group>"; };
		788070F02B35716B005C2011 /* GetMissionList.swift */ = {isa = PBXFileReference; lastKnownFileType = sourcecode.swift; path = GetMissionList.swift; sourceTree = "<group>"; };
		788070F22B357189005C2011 /* ReqeustMission.swift */ = {isa = PBXFileReference; lastKnownFileType = sourcecode.swift; path = ReqeustMission.swift; sourceTree = "<group>"; };
		788070F42B357244005C2011 /* NetworkService.swift */ = {isa = PBXFileReference; lastKnownFileType = sourcecode.swift; path = NetworkService.swift; sourceTree = "<group>"; };
		788070F62B35783F005C2011 /* NetworkMission.swift */ = {isa = PBXFileReference; lastKnownFileType = sourcecode.swift; path = NetworkMission.swift; sourceTree = "<group>"; };
		788070FB2B37279B005C2011 /* OneButtonAlertViewController.swift */ = {isa = PBXFileReference; lastKnownFileType = sourcecode.swift; path = OneButtonAlertViewController.swift; sourceTree = "<group>"; };
		788070FD2B372889005C2011 /* MissionDetailViewModel.swift */ = {isa = PBXFileReference; lastKnownFileType = sourcecode.swift; path = MissionDetailViewModel.swift; sourceTree = "<group>"; };
/* End PBXFileReference section */

/* Begin PBXFrameworksBuildPhase section */
		787513A02B33E8A100343662 /* Frameworks */ = {
			isa = PBXFrameworksBuildPhase;
			buildActionMask = 2147483647;
			files = (
				787513C32B33E98100343662 /* RxMoya in Frameworks */,
				788070C32B3541B5005C2011 /* RxKeyboard in Frameworks */,
				787513C12B33E98100343662 /* Moya in Frameworks */,
				788070B92B351A98005C2011 /* RxGesture in Frameworks */,
				788070AD2B3418CB005C2011 /* RxCocoa in Frameworks */,
				787513BE2B33E94B00343662 /* SnapKit in Frameworks */,
			);
			runOnlyForDeploymentPostprocessing = 0;
		};
/* End PBXFrameworksBuildPhase section */

/* Begin PBXGroup section */
		7875139A2B33E8A100343662 = {
			isa = PBXGroup;
			children = (
				787513A52B33E8A100343662 /* PocketMoney */,
				787513A42B33E8A100343662 /* Products */,
			);
			sourceTree = "<group>";
		};
		787513A42B33E8A100343662 /* Products */ = {
			isa = PBXGroup;
			children = (
				787513A32B33E8A100343662 /* PocketMoney.app */,
			);
			name = Products;
			sourceTree = "<group>";
		};
		787513A52B33E8A100343662 /* PocketMoney */ = {
			isa = PBXGroup;
			children = (
				787513C82B33E9FA00343662 /* Extension */,
				787513C42B33E9A300343662 /* Repository */,
				787513C62B33E9C800343662 /* Presentation */,
				787513A62B33E8A100343662 /* AppDelegate.swift */,
				787513A82B33E8A100343662 /* SceneDelegate.swift */,
				787513AF2B33E8A200343662 /* Assets.xcassets */,
				787513B12B33E8A200343662 /* LaunchScreen.storyboard */,
				787513B42B33E8A200343662 /* Info.plist */,
			);
			path = PocketMoney;
			sourceTree = "<group>";
		};
		787513C42B33E9A300343662 /* Repository */ = {
			isa = PBXGroup;
			children = (
				788070F62B35783F005C2011 /* NetworkMission.swift */,
				788070E22B356EA0005C2011 /* DTO */,
				788070E52B356EB2005C2011 /* API */,
				788070E32B356EA7005C2011 /* Network */,
			);
			path = Repository;
			sourceTree = "<group>";
		};
		787513C62B33E9C800343662 /* Presentation */ = {
			isa = PBXGroup;
			children = (
				788070C72B3545AC005C2011 /* BaseViewController.swift */,
				787513C92B33EA0600343662 /* Utils */,
				788070B22B35152C005C2011 /* Cells */,
				787513C72B33E9D900343662 /* MissionHome */,
				787513CE2B33F68900343662 /* MissionDetail */,
				788070BA2B352101005C2011 /* MissionAdd */,
				788070C62B354517005C2011 /* RecentMission */,
			);
			path = Presentation;
			sourceTree = "<group>";
		};
		787513C72B33E9D900343662 /* MissionHome */ = {
			isa = PBXGroup;
			children = (
				787513CA2B33EAE200343662 /* MissionHomeViewController.swift */,
				788070B52B351568005C2011 /* MissionHomeViewModel.swift */,
			);
			path = MissionHome;
			sourceTree = "<group>";
		};
		787513C82B33E9FA00343662 /* Extension */ = {
			isa = PBXGroup;
			children = (
				788070A32B33FF7C005C2011 /* UIColor+.swift */,
				788070A72B340DBC005C2011 /* UIViewController+.swift */,
				788070B02B3424A0005C2011 /* UIViewController+Rx.swift */,
				788070CB2B3561DB005C2011 /* CALayer+.swift */,
			);
			path = Extension;
			sourceTree = "<group>";
		};
		787513C92B33EA0600343662 /* Utils */ = {
			isa = PBXGroup;
			children = (
				788070F82B371A2F005C2011 /* Views */,
				788070A92B340E32005C2011 /* Constant.swift */,
				788070C92B3559B4005C2011 /* UserDefaultManager.swift */,
			);
			path = Utils;
			sourceTree = "<group>";
		};
		787513CE2B33F68900343662 /* MissionDetail */ = {
			isa = PBXGroup;
			children = (
				788070A12B33FD66005C2011 /* MissionDetailViewController.swift */,
				788070FD2B372889005C2011 /* MissionDetailViewModel.swift */,
			);
			path = MissionDetail;
			sourceTree = "<group>";
		};
		788070B22B35152C005C2011 /* Cells */ = {
			isa = PBXGroup;
			children = (
				788070B32B351548005C2011 /* MissionCell.swift */,
			);
			path = Cells;
			sourceTree = "<group>";
		};
		788070BA2B352101005C2011 /* MissionAdd */ = {
			isa = PBXGroup;
			children = (
				788070BB2B352115005C2011 /* MissionAddViewController.swift */,
			);
			path = MissionAdd;
			sourceTree = "<group>";
		};
		788070C62B354517005C2011 /* RecentMission */ = {
			isa = PBXGroup;
			children = (
				788070C42B354512005C2011 /* RecentMissionViewController.swift */,
			);
			path = RecentMission;
			sourceTree = "<group>";
		};
		788070E22B356EA0005C2011 /* DTO */ = {
			isa = PBXGroup;
			children = (
				788070D02B356A68005C2011 /* MissioListDTO.swift */,
			);
			path = DTO;
			sourceTree = "<group>";
		};
		788070E32B356EA7005C2011 /* Network */ = {
			isa = PBXGroup;
			children = (
				788070D42B356B64005C2011 /* CatSDKEncoding.swift */,
				788070D92B356B64005C2011 /* CatSDKNetworkable.swift */,
				788070D82B356B64005C2011 /* NetworkError.swift */,
				788070D72B356B64005C2011 /* NetworkService+Rx.swift */,
				788070D52B356B64005C2011 /* ServiceAPI.swift */,
				788070E02B356DDD005C2011 /* DTOConverter.swift */,
				788070F42B357244005C2011 /* NetworkService.swift */,
			);
			path = Network;
			sourceTree = "<group>";
		};
		788070E52B356EB2005C2011 /* API */ = {
			isa = PBXGroup;
			children = (
				788070E82B357146005C2011 /* AddMission.swift */,
				788070EA2B357155005C2011 /* GetMissionDetail.swift */,
				788070F22B357189005C2011 /* ReqeustMission.swift */,
				788070EC2B35715C005C2011 /* ApproveMission.swift */,
				788070EE2B357165005C2011 /* RefuseMission.swift */,
				788070F02B35716B005C2011 /* GetMissionList.swift */,
			);
			path = API;
			sourceTree = "<group>";
		};
		788070F82B371A2F005C2011 /* Views */ = {
			isa = PBXGroup;
			children = (
				787513BA2B33E8B800343662 /* WebViewController.swift */,
				788070A52B3402B2005C2011 /* NavigationController.swift */,
				788070AE2B34216F005C2011 /* TabButton.swift */,
				788070BD2B3537F3005C2011 /* MissionListView.swift */,
				788070BF2B353C81005C2011 /* CommonButtonView.swift */,
				788070CD2B35629C005C2011 /* StatusView.swift */,
				788070FB2B37279B005C2011 /* OneButtonAlertViewController.swift */,
			);
			path = Views;
			sourceTree = "<group>";
		};
/* End PBXGroup section */

/* Begin PBXNativeTarget section */
		787513A22B33E8A100343662 /* PocketMoney */ = {
			isa = PBXNativeTarget;
			buildConfigurationList = 787513B72B33E8A200343662 /* Build configuration list for PBXNativeTarget "PocketMoney" */;
			buildPhases = (
				7875139F2B33E8A100343662 /* Sources */,
				787513A02B33E8A100343662 /* Frameworks */,
				787513A12B33E8A100343662 /* Resources */,
			);
			buildRules = (
			);
			dependencies = (
			);
			name = PocketMoney;
			packageProductDependencies = (
				787513BD2B33E94B00343662 /* SnapKit */,
				787513C02B33E98100343662 /* Moya */,
				787513C22B33E98100343662 /* RxMoya */,
				788070AC2B3418CB005C2011 /* RxCocoa */,
				788070B82B351A98005C2011 /* RxGesture */,
				788070C22B3541B5005C2011 /* RxKeyboard */,
			);
			productName = PocketMoney;
			productReference = 787513A32B33E8A100343662 /* PocketMoney.app */;
			productType = "com.apple.product-type.application";
		};
/* End PBXNativeTarget section */

/* Begin PBXProject section */
		7875139B2B33E8A100343662 /* Project object */ = {
			isa = PBXProject;
			attributes = {
				BuildIndependentTargetsInParallel = 1;
				LastSwiftUpdateCheck = 1430;
				LastUpgradeCheck = 1430;
				TargetAttributes = {
					787513A22B33E8A100343662 = {
						CreatedOnToolsVersion = 14.3.1;
					};
				};
			};
			buildConfigurationList = 7875139E2B33E8A100343662 /* Build configuration list for PBXProject "PocketMoney" */;
			compatibilityVersion = "Xcode 14.0";
			developmentRegion = en;
			hasScannedForEncodings = 0;
			knownRegions = (
				en,
				Base,
			);
			mainGroup = 7875139A2B33E8A100343662;
			packageReferences = (
				787513BC2B33E94B00343662 /* XCRemoteSwiftPackageReference "SnapKit" */,
				787513BF2B33E98100343662 /* XCRemoteSwiftPackageReference "Moya" */,
				788070AB2B3418CB005C2011 /* XCRemoteSwiftPackageReference "RxSwift" */,
				788070B72B351A98005C2011 /* XCRemoteSwiftPackageReference "RxGesture" */,
				788070C12B3541B5005C2011 /* XCRemoteSwiftPackageReference "RxKeyboard" */,
			);
			productRefGroup = 787513A42B33E8A100343662 /* Products */;
			projectDirPath = "";
			projectRoot = "";
			targets = (
				787513A22B33E8A100343662 /* PocketMoney */,
			);
		};
/* End PBXProject section */

/* Begin PBXResourcesBuildPhase section */
		787513A12B33E8A100343662 /* Resources */ = {
			isa = PBXResourcesBuildPhase;
			buildActionMask = 2147483647;
			files = (
				787513B32B33E8A200343662 /* LaunchScreen.storyboard in Resources */,
				787513B02B33E8A200343662 /* Assets.xcassets in Resources */,
			);
			runOnlyForDeploymentPostprocessing = 0;
		};
/* End PBXResourcesBuildPhase section */

/* Begin PBXSourcesBuildPhase section */
		7875139F2B33E8A100343662 /* Sources */ = {
			isa = PBXSourcesBuildPhase;
			buildActionMask = 2147483647;
			files = (
				788070DE2B356B64005C2011 /* NetworkError.swift in Sources */,
				788070DA2B356B64005C2011 /* CatSDKEncoding.swift in Sources */,
				788070C02B353C81005C2011 /* CommonButtonView.swift in Sources */,
				788070CE2B35629C005C2011 /* StatusView.swift in Sources */,
				788070F32B357189005C2011 /* ReqeustMission.swift in Sources */,
				788070BC2B352115005C2011 /* MissionAddViewController.swift in Sources */,
				788070FE2B372889005C2011 /* MissionDetailViewModel.swift in Sources */,
				788070A62B3402B2005C2011 /* NavigationController.swift in Sources */,
				788070D12B356A68005C2011 /* MissioListDTO.swift in Sources */,
				788070C82B3545AC005C2011 /* BaseViewController.swift in Sources */,
				788070F72B35783F005C2011 /* NetworkMission.swift in Sources */,
				788070F12B35716B005C2011 /* GetMissionList.swift in Sources */,
				787513CB2B33EAE200343662 /* MissionHomeViewController.swift in Sources */,
				788070A22B33FD66005C2011 /* MissionDetailViewController.swift in Sources */,
				788070CC2B3561DB005C2011 /* CALayer+.swift in Sources */,
				788070FC2B37279B005C2011 /* OneButtonAlertViewController.swift in Sources */,
				788070A42B33FF7C005C2011 /* UIColor+.swift in Sources */,
				788070E12B356DDD005C2011 /* DTOConverter.swift in Sources */,
				788070ED2B35715C005C2011 /* ApproveMission.swift in Sources */,
				788070A82B340DBC005C2011 /* UIViewController+.swift in Sources */,
				788070C52B354512005C2011 /* RecentMissionViewController.swift in Sources */,
				788070B42B351548005C2011 /* MissionCell.swift in Sources */,
				788070DB2B356B64005C2011 /* ServiceAPI.swift in Sources */,
				787513A72B33E8A100343662 /* AppDelegate.swift in Sources */,
				788070F52B357244005C2011 /* NetworkService.swift in Sources */,
				788070EB2B357155005C2011 /* GetMissionDetail.swift in Sources */,
				788070BE2B3537F3005C2011 /* MissionListView.swift in Sources */,
				788070E92B357146005C2011 /* AddMission.swift in Sources */,
				788070AA2B340E32005C2011 /* Constant.swift in Sources */,
				788070DF2B356B64005C2011 /* CatSDKNetworkable.swift in Sources */,
				788070CA2B3559B4005C2011 /* UserDefaultManager.swift in Sources */,
				788070DD2B356B64005C2011 /* NetworkService+Rx.swift in Sources */,
				788070AF2B34216F005C2011 /* TabButton.swift in Sources */,
				788070EF2B357165005C2011 /* RefuseMission.swift in Sources */,
				787513A92B33E8A100343662 /* SceneDelegate.swift in Sources */,
				788070B12B3424A0005C2011 /* UIViewController+Rx.swift in Sources */,
				788070B62B351568005C2011 /* MissionHomeViewModel.swift in Sources */,
				787513BB2B33E8B800343662 /* WebViewController.swift in Sources */,
			);
			runOnlyForDeploymentPostprocessing = 0;
		};
/* End PBXSourcesBuildPhase section */

/* Begin PBXVariantGroup section */
		787513B12B33E8A200343662 /* LaunchScreen.storyboard */ = {
			isa = PBXVariantGroup;
			children = (
				787513B22B33E8A200343662 /* Base */,
			);
			name = LaunchScreen.storyboard;
			sourceTree = "<group>";
		};
/* End PBXVariantGroup section */

/* Begin XCBuildConfiguration section */
		787513B52B33E8A200343662 /* Debug */ = {
			isa = XCBuildConfiguration;
			buildSettings = {
				ALWAYS_SEARCH_USER_PATHS = NO;
				CLANG_ANALYZER_NONNULL = YES;
				CLANG_ANALYZER_NUMBER_OBJECT_CONVERSION = YES_AGGRESSIVE;
				CLANG_CXX_LANGUAGE_STANDARD = "gnu++20";
				CLANG_ENABLE_MODULES = YES;
				CLANG_ENABLE_OBJC_ARC = YES;
				CLANG_ENABLE_OBJC_WEAK = YES;
				CLANG_WARN_BLOCK_CAPTURE_AUTORELEASING = YES;
				CLANG_WARN_BOOL_CONVERSION = YES;
				CLANG_WARN_COMMA = YES;
				CLANG_WARN_CONSTANT_CONVERSION = YES;
				CLANG_WARN_DEPRECATED_OBJC_IMPLEMENTATIONS = YES;
				CLANG_WARN_DIRECT_OBJC_ISA_USAGE = YES_ERROR;
				CLANG_WARN_DOCUMENTATION_COMMENTS = YES;
				CLANG_WARN_EMPTY_BODY = YES;
				CLANG_WARN_ENUM_CONVERSION = YES;
				CLANG_WARN_INFINITE_RECURSION = YES;
				CLANG_WARN_INT_CONVERSION = YES;
				CLANG_WARN_NON_LITERAL_NULL_CONVERSION = YES;
				CLANG_WARN_OBJC_IMPLICIT_RETAIN_SELF = YES;
				CLANG_WARN_OBJC_LITERAL_CONVERSION = YES;
				CLANG_WARN_OBJC_ROOT_CLASS = YES_ERROR;
				CLANG_WARN_QUOTED_INCLUDE_IN_FRAMEWORK_HEADER = YES;
				CLANG_WARN_RANGE_LOOP_ANALYSIS = YES;
				CLANG_WARN_STRICT_PROTOTYPES = YES;
				CLANG_WARN_SUSPICIOUS_MOVE = YES;
				CLANG_WARN_UNGUARDED_AVAILABILITY = YES_AGGRESSIVE;
				CLANG_WARN_UNREACHABLE_CODE = YES;
				CLANG_WARN__DUPLICATE_METHOD_MATCH = YES;
				COPY_PHASE_STRIP = NO;
				DEBUG_INFORMATION_FORMAT = dwarf;
				ENABLE_STRICT_OBJC_MSGSEND = YES;
				ENABLE_TESTABILITY = YES;
				GCC_C_LANGUAGE_STANDARD = gnu11;
				GCC_DYNAMIC_NO_PIC = NO;
				GCC_NO_COMMON_BLOCKS = YES;
				GCC_OPTIMIZATION_LEVEL = 0;
				GCC_PREPROCESSOR_DEFINITIONS = (
					"DEBUG=1",
					"$(inherited)",
				);
				GCC_WARN_64_TO_32_BIT_CONVERSION = YES;
				GCC_WARN_ABOUT_RETURN_TYPE = YES_ERROR;
				GCC_WARN_UNDECLARED_SELECTOR = YES;
				GCC_WARN_UNINITIALIZED_AUTOS = YES_AGGRESSIVE;
				GCC_WARN_UNUSED_FUNCTION = YES;
				GCC_WARN_UNUSED_VARIABLE = YES;
				IPHONEOS_DEPLOYMENT_TARGET = 16.4;
				MTL_ENABLE_DEBUG_INFO = INCLUDE_SOURCE;
				MTL_FAST_MATH = YES;
				ONLY_ACTIVE_ARCH = YES;
				SDKROOT = iphoneos;
				SWIFT_ACTIVE_COMPILATION_CONDITIONS = DEBUG;
				SWIFT_OPTIMIZATION_LEVEL = "-Onone";
			};
			name = Debug;
		};
		787513B62B33E8A200343662 /* Release */ = {
			isa = XCBuildConfiguration;
			buildSettings = {
				ALWAYS_SEARCH_USER_PATHS = NO;
				CLANG_ANALYZER_NONNULL = YES;
				CLANG_ANALYZER_NUMBER_OBJECT_CONVERSION = YES_AGGRESSIVE;
				CLANG_CXX_LANGUAGE_STANDARD = "gnu++20";
				CLANG_ENABLE_MODULES = YES;
				CLANG_ENABLE_OBJC_ARC = YES;
				CLANG_ENABLE_OBJC_WEAK = YES;
				CLANG_WARN_BLOCK_CAPTURE_AUTORELEASING = YES;
				CLANG_WARN_BOOL_CONVERSION = YES;
				CLANG_WARN_COMMA = YES;
				CLANG_WARN_CONSTANT_CONVERSION = YES;
				CLANG_WARN_DEPRECATED_OBJC_IMPLEMENTATIONS = YES;
				CLANG_WARN_DIRECT_OBJC_ISA_USAGE = YES_ERROR;
				CLANG_WARN_DOCUMENTATION_COMMENTS = YES;
				CLANG_WARN_EMPTY_BODY = YES;
				CLANG_WARN_ENUM_CONVERSION = YES;
				CLANG_WARN_INFINITE_RECURSION = YES;
				CLANG_WARN_INT_CONVERSION = YES;
				CLANG_WARN_NON_LITERAL_NULL_CONVERSION = YES;
				CLANG_WARN_OBJC_IMPLICIT_RETAIN_SELF = YES;
				CLANG_WARN_OBJC_LITERAL_CONVERSION = YES;
				CLANG_WARN_OBJC_ROOT_CLASS = YES_ERROR;
				CLANG_WARN_QUOTED_INCLUDE_IN_FRAMEWORK_HEADER = YES;
				CLANG_WARN_RANGE_LOOP_ANALYSIS = YES;
				CLANG_WARN_STRICT_PROTOTYPES = YES;
				CLANG_WARN_SUSPICIOUS_MOVE = YES;
				CLANG_WARN_UNGUARDED_AVAILABILITY = YES_AGGRESSIVE;
				CLANG_WARN_UNREACHABLE_CODE = YES;
				CLANG_WARN__DUPLICATE_METHOD_MATCH = YES;
				COPY_PHASE_STRIP = NO;
				DEBUG_INFORMATION_FORMAT = "dwarf-with-dsym";
				ENABLE_NS_ASSERTIONS = NO;
				ENABLE_STRICT_OBJC_MSGSEND = YES;
				GCC_C_LANGUAGE_STANDARD = gnu11;
				GCC_NO_COMMON_BLOCKS = YES;
				GCC_WARN_64_TO_32_BIT_CONVERSION = YES;
				GCC_WARN_ABOUT_RETURN_TYPE = YES_ERROR;
				GCC_WARN_UNDECLARED_SELECTOR = YES;
				GCC_WARN_UNINITIALIZED_AUTOS = YES_AGGRESSIVE;
				GCC_WARN_UNUSED_FUNCTION = YES;
				GCC_WARN_UNUSED_VARIABLE = YES;
				IPHONEOS_DEPLOYMENT_TARGET = 16.4;
				MTL_ENABLE_DEBUG_INFO = NO;
				MTL_FAST_MATH = YES;
				SDKROOT = iphoneos;
				SWIFT_COMPILATION_MODE = wholemodule;
				SWIFT_OPTIMIZATION_LEVEL = "-O";
				VALIDATE_PRODUCT = YES;
			};
			name = Release;
		};
		787513B82B33E8A200343662 /* Debug */ = {
			isa = XCBuildConfiguration;
			buildSettings = {
				ASSETCATALOG_COMPILER_APPICON_NAME = AppIcon;
				ASSETCATALOG_COMPILER_GLOBAL_ACCENT_COLOR_NAME = AccentColor;
				CODE_SIGN_STYLE = Automatic;
				CURRENT_PROJECT_VERSION = 1;
				DEVELOPMENT_TEAM = TA4GNNQ2Q6;
				GENERATE_INFOPLIST_FILE = YES;
				INFOPLIST_FILE = PocketMoney/Info.plist;
				INFOPLIST_KEY_UIApplicationSupportsIndirectInputEvents = YES;
				INFOPLIST_KEY_UILaunchStoryboardName = LaunchScreen;
				INFOPLIST_KEY_UISupportedInterfaceOrientations_iPad = "UIInterfaceOrientationPortrait UIInterfaceOrientationPortraitUpsideDown UIInterfaceOrientationLandscapeLeft UIInterfaceOrientationLandscapeRight";
				INFOPLIST_KEY_UISupportedInterfaceOrientations_iPhone = "UIInterfaceOrientationPortrait UIInterfaceOrientationLandscapeLeft UIInterfaceOrientationLandscapeRight";
				LD_RUNPATH_SEARCH_PATHS = (
					"$(inherited)",
					"@executable_path/Frameworks",
				);
				MARKETING_VERSION = 1.0;
				PRODUCT_BUNDLE_IDENTIFIER = com.pocketmoney.PocketMoney;
				PRODUCT_NAME = "$(TARGET_NAME)";
				SWIFT_EMIT_LOC_STRINGS = YES;
				SWIFT_VERSION = 5.0;
				TARGETED_DEVICE_FAMILY = "1,2";
			};
			name = Debug;
		};
		787513B92B33E8A200343662 /* Release */ = {
			isa = XCBuildConfiguration;
			buildSettings = {
				ASSETCATALOG_COMPILER_APPICON_NAME = AppIcon;
				ASSETCATALOG_COMPILER_GLOBAL_ACCENT_COLOR_NAME = AccentColor;
				CODE_SIGN_STYLE = Automatic;
				CURRENT_PROJECT_VERSION = 1;
				DEVELOPMENT_TEAM = TA4GNNQ2Q6;
				GENERATE_INFOPLIST_FILE = YES;
				INFOPLIST_FILE = PocketMoney/Info.plist;
				INFOPLIST_KEY_UIApplicationSupportsIndirectInputEvents = YES;
				INFOPLIST_KEY_UILaunchStoryboardName = LaunchScreen;
				INFOPLIST_KEY_UISupportedInterfaceOrientations_iPad = "UIInterfaceOrientationPortrait UIInterfaceOrientationPortraitUpsideDown UIInterfaceOrientationLandscapeLeft UIInterfaceOrientationLandscapeRight";
				INFOPLIST_KEY_UISupportedInterfaceOrientations_iPhone = "UIInterfaceOrientationPortrait UIInterfaceOrientationLandscapeLeft UIInterfaceOrientationLandscapeRight";
				LD_RUNPATH_SEARCH_PATHS = (
					"$(inherited)",
					"@executable_path/Frameworks",
				);
				MARKETING_VERSION = 1.0;
				PRODUCT_BUNDLE_IDENTIFIER = com.pocketmoney.PocketMoney;
				PRODUCT_NAME = "$(TARGET_NAME)";
				SWIFT_EMIT_LOC_STRINGS = YES;
				SWIFT_VERSION = 5.0;
				TARGETED_DEVICE_FAMILY = "1,2";
			};
			name = Release;
		};
/* End XCBuildConfiguration section */

/* Begin XCConfigurationList section */
		7875139E2B33E8A100343662 /* Build configuration list for PBXProject "PocketMoney" */ = {
			isa = XCConfigurationList;
			buildConfigurations = (
				787513B52B33E8A200343662 /* Debug */,
				787513B62B33E8A200343662 /* Release */,
			);
			defaultConfigurationIsVisible = 0;
			defaultConfigurationName = Release;
		};
		787513B72B33E8A200343662 /* Build configuration list for PBXNativeTarget "PocketMoney" */ = {
			isa = XCConfigurationList;
			buildConfigurations = (
				787513B82B33E8A200343662 /* Debug */,
				787513B92B33E8A200343662 /* Release */,
			);
			defaultConfigurationIsVisible = 0;
			defaultConfigurationName = Release;
		};
/* End XCConfigurationList section */

/* Begin XCRemoteSwiftPackageReference section */
		787513BC2B33E94B00343662 /* XCRemoteSwiftPackageReference "SnapKit" */ = {
			isa = XCRemoteSwiftPackageReference;
			repositoryURL = "https://github.com/SnapKit/SnapKit";
			requirement = {
				kind = upToNextMinorVersion;
				minimumVersion = 5.6.0;
			};
		};
		787513BF2B33E98100343662 /* XCRemoteSwiftPackageReference "Moya" */ = {
			isa = XCRemoteSwiftPackageReference;
			repositoryURL = "https://github.com/Moya/Moya";
			requirement = {
				kind = upToNextMinorVersion;
				minimumVersion = 15.0.0;
			};
		};
		788070AB2B3418CB005C2011 /* XCRemoteSwiftPackageReference "RxSwift" */ = {
			isa = XCRemoteSwiftPackageReference;
			repositoryURL = "https://github.com/ReactiveX/RxSwift";
			requirement = {
				kind = upToNextMinorVersion;
				minimumVersion = 6.6.0;
			};
		};
		788070B72B351A98005C2011 /* XCRemoteSwiftPackageReference "RxGesture" */ = {
			isa = XCRemoteSwiftPackageReference;
			repositoryURL = "https://github.com/RxSwiftCommunity/RxGesture";
			requirement = {
				kind = upToNextMinorVersion;
				minimumVersion = 4.0.0;
			};
		};
		788070C12B3541B5005C2011 /* XCRemoteSwiftPackageReference "RxKeyboard" */ = {
			isa = XCRemoteSwiftPackageReference;
			repositoryURL = "https://github.com/RxSwiftCommunity/RxKeyboard";
			requirement = {
				kind = upToNextMinorVersion;
				minimumVersion = 2.0.0;
			};
		};
/* End XCRemoteSwiftPackageReference section */

/* Begin XCSwiftPackageProductDependency section */
		787513BD2B33E94B00343662 /* SnapKit */ = {
			isa = XCSwiftPackageProductDependency;
			package = 787513BC2B33E94B00343662 /* XCRemoteSwiftPackageReference "SnapKit" */;
			productName = SnapKit;
		};
		787513C02B33E98100343662 /* Moya */ = {
			isa = XCSwiftPackageProductDependency;
			package = 787513BF2B33E98100343662 /* XCRemoteSwiftPackageReference "Moya" */;
			productName = Moya;
		};
		787513C22B33E98100343662 /* RxMoya */ = {
			isa = XCSwiftPackageProductDependency;
			package = 787513BF2B33E98100343662 /* XCRemoteSwiftPackageReference "Moya" */;
			productName = RxMoya;
		};
		788070AC2B3418CB005C2011 /* RxCocoa */ = {
			isa = XCSwiftPackageProductDependency;
			package = 788070AB2B3418CB005C2011 /* XCRemoteSwiftPackageReference "RxSwift" */;
			productName = RxCocoa;
		};
		788070B82B351A98005C2011 /* RxGesture */ = {
			isa = XCSwiftPackageProductDependency;
			package = 788070B72B351A98005C2011 /* XCRemoteSwiftPackageReference "RxGesture" */;
			productName = RxGesture;
		};
		788070C22B3541B5005C2011 /* RxKeyboard */ = {
			isa = XCSwiftPackageProductDependency;
			package = 788070C12B3541B5005C2011 /* XCRemoteSwiftPackageReference "RxKeyboard" */;
			productName = RxKeyboard;
		};
/* End XCSwiftPackageProductDependency section */
	};
	rootObject = 7875139B2B33E8A100343662 /* Project object */;
}
